{
  "name": "kepler.gl",
  "version": "0.0.22",
  "lockfileVersion": 1,
  "requires": true,
  "dependencies": {
    "lodash": {
      "version": "4.17.10",
      "resolved": "https://registry.npmjs.org/lodash/-/lodash-4.17.10.tgz",
      "integrity": "sha512-UejweD1pDoXu+AD825lWwp4ZGtSwgnpZxb3JDViD7StjQz+Nb/6l093lx4OQ0foGWNRoc19mWy7BzL+UAK2iVg==",
      "dev": true
    },
    "webpack-merge": {
      "version": "4.1.3",
      "resolved": "https://registry.npmjs.org/webpack-merge/-/webpack-merge-4.1.3.tgz",
      "integrity": "sha512-zxwAIGK7nKdu5CIZL0BjTQoq3elV0t0MfB7rUC1zj668geid52abs6hN/ACwZdK6LeMS8dC9B6WmtF978zH5mg==",
      "dev": true,
      "requires": {
        "lodash": "^4.17.5"
      }
    }
  }
}
